
Microsoft Visual Studio Solution File, Format Version 12.00
# Visual Studio Version 17
VisualStudioVersion = 17.11.35222.181
MinimumVisualStudioVersion = 10.0.40219.1
Project("{9A19103F-16F7-4668-BE54-9A1E7A4F7556}") = "CinemaApp.Web", "CinemaApp.Web\CinemaApp.Web.csproj", "{CE4B8ED9-21B3-4EED-B2FB-75CFC99731CD}"
EndProject
Project("{9A19103F-16F7-4668-BE54-9A1E7A4F7556}") = "CinemaApp.Common", "CinemaApp.Common\CinemaApp.Common.csproj", "{F2CEEEB0-174C-435F-B614-5EB7ABA9354D}"
EndProject
Project("{9A19103F-16F7-4668-BE54-9A1E7A4F7556}") = "CinemaApp.Web.ViewModels", "CinemaApp.Web.VeiwModels\CinemaApp.Web.ViewModels.csproj", "{8AAB231A-0F2A-4589-AA08-BD5A2818A3DC}"
EndProject
Project("{9A19103F-16F7-4668-BE54-9A1E7A4F7556}") = "CinemaApp.Data.Models", "CinemaApp.Data.Models\CinemaApp.Data.Models.csproj", "{D5DFB1EC-0687-4BDB-947C-9365884AE2B8}"
EndProject
Project("{2150E333-8FDC-42A3-9474-1A3956D46DE8}") = "Web", "Web", "{8D4E36E1-94E0-450D-8507-A15FD5E711DB}"
EndProject
Project("{2150E333-8FDC-42A3-9474-1A3956D46DE8}") = "Data", "Data", "{24B1634A-98C1-49C4-8C50-224614A7B9A6}"
EndProject
Project("{9A19103F-16F7-4668-BE54-9A1E7A4F7556}") = "CinemaApp.Data", "CinemaApp.Data\CinemaApp.Data.csproj", "{10CC38D8-C061-42FB-A010-A256D3AE68DD}"
EndProject
Project("{FAE04EC0-301F-11D3-BF4B-00C04F79EFBC}") = "CinemaApp.Web.Infrastructure", "CinemaApp.Web.Infrastructure\CinemaApp.Web.Infrastructure.csproj", "{B3AA9BE1-D850-4DB9-94EC-7B3E68ED6B0D}"
EndProject
Global
	GlobalSection(SolutionConfigurationPlatforms) = preSolution
		Debug|Any CPU = Debug|Any CPU
		Release|Any CPU = Release|Any CPU
	EndGlobalSection
	GlobalSection(ProjectConfigurationPlatforms) = postSolution
		{CE4B8ED9-21B3-4EED-B2FB-75CFC99731CD}.Debug|Any CPU.ActiveCfg = Debug|Any CPU
		{CE4B8ED9-21B3-4EED-B2FB-75CFC99731CD}.Debug|Any CPU.Build.0 = Debug|Any CPU
		{CE4B8ED9-21B3-4EED-B2FB-75CFC99731CD}.Release|Any CPU.ActiveCfg = Release|Any CPU
		{CE4B8ED9-21B3-4EED-B2FB-75CFC99731CD}.Release|Any CPU.Build.0 = Release|Any CPU
		{F2CEEEB0-174C-435F-B614-5EB7ABA9354D}.Debug|Any CPU.ActiveCfg = Debug|Any CPU
		{F2CEEEB0-174C-435F-B614-5EB7ABA9354D}.Debug|Any CPU.Build.0 = Debug|Any CPU
		{F2CEEEB0-174C-435F-B614-5EB7ABA9354D}.Release|Any CPU.ActiveCfg = Release|Any CPU
		{F2CEEEB0-174C-435F-B614-5EB7ABA9354D}.Release|Any CPU.Build.0 = Release|Any CPU
		{8AAB231A-0F2A-4589-AA08-BD5A2818A3DC}.Debug|Any CPU.ActiveCfg = Debug|Any CPU
		{8AAB231A-0F2A-4589-AA08-BD5A2818A3DC}.Debug|Any CPU.Build.0 = Debug|Any CPU
		{8AAB231A-0F2A-4589-AA08-BD5A2818A3DC}.Release|Any CPU.ActiveCfg = Release|Any CPU
		{8AAB231A-0F2A-4589-AA08-BD5A2818A3DC}.Release|Any CPU.Build.0 = Release|Any CPU
		{D5DFB1EC-0687-4BDB-947C-9365884AE2B8}.Debug|Any CPU.ActiveCfg = Debug|Any CPU
		{D5DFB1EC-0687-4BDB-947C-9365884AE2B8}.Debug|Any CPU.Build.0 = Debug|Any CPU
		{D5DFB1EC-0687-4BDB-947C-9365884AE2B8}.Release|Any CPU.ActiveCfg = Release|Any CPU
		{D5DFB1EC-0687-4BDB-947C-9365884AE2B8}.Release|Any CPU.Build.0 = Release|Any CPU
		{10CC38D8-C061-42FB-A010-A256D3AE68DD}.Debug|Any CPU.ActiveCfg = Debug|Any CPU
		{10CC38D8-C061-42FB-A010-A256D3AE68DD}.Debug|Any CPU.Build.0 = Debug|Any CPU
		{10CC38D8-C061-42FB-A010-A256D3AE68DD}.Release|Any CPU.ActiveCfg = Release|Any CPU
		{10CC38D8-C061-42FB-A010-A256D3AE68DD}.Release|Any CPU.Build.0 = Release|Any CPU
		{B3AA9BE1-D850-4DB9-94EC-7B3E68ED6B0D}.Debug|Any CPU.ActiveCfg = Debug|Any CPU
		{B3AA9BE1-D850-4DB9-94EC-7B3E68ED6B0D}.Debug|Any CPU.Build.0 = Debug|Any CPU
		{B3AA9BE1-D850-4DB9-94EC-7B3E68ED6B0D}.Release|Any CPU.ActiveCfg = Release|Any CPU
		{B3AA9BE1-D850-4DB9-94EC-7B3E68ED6B0D}.Release|Any CPU.Build.0 = Release|Any CPU
	EndGlobalSection
	GlobalSection(SolutionProperties) = preSolution
		HideSolutionNode = FALSE
	EndGlobalSection
	GlobalSection(NestedProjects) = preSolution
		{CE4B8ED9-21B3-4EED-B2FB-75CFC99731CD} = {8D4E36E1-94E0-450D-8507-A15FD5E711DB}
		{8AAB231A-0F2A-4589-AA08-BD5A2818A3DC} = {8D4E36E1-94E0-450D-8507-A15FD5E711DB}
		{D5DFB1EC-0687-4BDB-947C-9365884AE2B8} = {24B1634A-98C1-49C4-8C50-224614A7B9A6}
		{10CC38D8-C061-42FB-A010-A256D3AE68DD} = {24B1634A-98C1-49C4-8C50-224614A7B9A6}
		{B3AA9BE1-D850-4DB9-94EC-7B3E68ED6B0D} = {8D4E36E1-94E0-450D-8507-A15FD5E711DB}
	EndGlobalSection
	GlobalSection(ExtensibilityGlobals) = postSolution
		SolutionGuid = {010F7660-D08D-40C7-9325-081A733AF8CC}
	EndGlobalSection
EndGlobal
